
Microsoft Visual Studio Solution File, Format Version 12.00
# Visual Studio Version 17
VisualStudioVersion = 17.8.34322.80
MinimumVisualStudioVersion = 10.0.40219.1
Project("{FAE04EC0-301F-11D3-BF4B-00C04F79EFBC}") = "support-task3", "support-task3.csproj", "{1D750582-7380-4E7F-8805-F081E2414C0A}"
EndProject
Global
	GlobalSection(SolutionConfigurationPlatforms) = preSolution
		Debug|Any CPU = Debug|Any CPU
		Release|Any CPU = Release|Any CPU
	EndGlobalSection
	GlobalSection(ProjectConfigurationPlatforms) = postSolution
		{1D750582-7380-4E7F-8805-F081E2414C0A}.Debug|Any CPU.ActiveCfg = Debug|Any CPU
		{1D750582-7380-4E7F-8805-F081E2414C0A}.Debug|Any CPU.Build.0 = Debug|Any CPU
		{1D750582-7380-4E7F-8805-F081E2414C0A}.Release|Any CPU.ActiveCfg = Release|Any CPU
		{1D750582-7380-4E7F-8805-F081E2414C0A}.Release|Any CPU.Build.0 = Release|Any CPU
	EndGlobalSection
	GlobalSection(SolutionProperties) = preSolution
		HideSolutionNode = FALSE
	EndGlobalSection
	GlobalSection(ExtensibilityGlobals) = postSolution
		SolutionGuid = {E16A0370-3A5F-456B-8AB5-106A0330C2BD}
	EndGlobalSection
EndGlobal
